
Microsoft Visual Studio Solution File, Format Version 12.00
# Visual Studio 2013
VisualStudioVersion = 12.0.30501.0
MinimumVisualStudioVersion = 10.0.40219.1
Project("{FAE04EC0-301F-11D3-BF4B-00C04F79EFBC}") = "Lab1_version1", "Lab1_version1\Lab1_version1.csproj", "{883B8CF8-61E2-40FB-B83E-B42E5C639716}"
EndProject
Global
	GlobalSection(SolutionConfigurationPlatforms) = preSolution
		Debug|Any CPU = Debug|Any CPU
		Release|Any CPU = Release|Any CPU
	EndGlobalSection
	GlobalSection(ProjectConfigurationPlatforms) = postSolution
		{883B8CF8-61E2-40FB-B83E-B42E5C639716}.Debug|Any CPU.ActiveCfg = Debug|Any CPU
		{883B8CF8-61E2-40FB-B83E-B42E5C639716}.Debug|Any CPU.Build.0 = Debug|Any CPU
		{883B8CF8-61E2-40FB-B83E-B42E5C639716}.Release|Any CPU.ActiveCfg = Release|Any CPU
		{883B8CF8-61E2-40FB-B83E-B42E5C639716}.Release|Any CPU.Build.0 = Release|Any CPU
	EndGlobalSection
	GlobalSection(SolutionProperties) = preSolution
		HideSolutionNode = FALSE
	EndGlobalSection
EndGlobal
